
Microsoft Visual Studio Solution File, Format Version 12.00
# Visual Studio Version 17
VisualStudioVersion = 17.8.34511.84
MinimumVisualStudioVersion = 10.0.40219.1
Project("{FAE04EC0-301F-11D3-BF4B-00C04F79EFBC}") = "23_TruongNgocMinhKhoi_24A4040167", "23_TruongNgocMinhKhoi_24A4040167\23_TruongNgocMinhKhoi_24A4040167.csproj", "{271BAF1E-5114-44FF-BEF6-356BDE8359E0}"
EndProject
Global
	GlobalSection(SolutionConfigurationPlatforms) = preSolution
		Debug|Any CPU = Debug|Any CPU
		Release|Any CPU = Release|Any CPU
	EndGlobalSection
	GlobalSection(ProjectConfigurationPlatforms) = postSolution
		{271BAF1E-5114-44FF-BEF6-356BDE8359E0}.Debug|Any CPU.ActiveCfg = Debug|Any CPU
		{271BAF1E-5114-44FF-BEF6-356BDE8359E0}.Debug|Any CPU.Build.0 = Debug|Any CPU
		{271BAF1E-5114-44FF-BEF6-356BDE8359E0}.Release|Any CPU.ActiveCfg = Release|Any CPU
		{271BAF1E-5114-44FF-BEF6-356BDE8359E0}.Release|Any CPU.Build.0 = Release|Any CPU
	EndGlobalSection
	GlobalSection(SolutionProperties) = preSolution
		HideSolutionNode = FALSE
	EndGlobalSection
	GlobalSection(ExtensibilityGlobals) = postSolution
		SolutionGuid = {40E0BA3F-B39D-4BC3-AE6E-8727F19B7244}
	EndGlobalSection
EndGlobal
