
Microsoft Visual Studio Solution File, Format Version 12.00
# Visual Studio Version 17
VisualStudioVersion = 17.8.34511.84
MinimumVisualStudioVersion = 10.0.40219.1
Project("{FAE04EC0-301F-11D3-BF4B-00C04F79EFBC}") = "quanlybanhang", "quanlybanhang\quanlybanhang.csproj", "{1797C398-A83D-4688-8CA2-5B64FE99FA6E}"
EndProject
Global
	GlobalSection(SolutionConfigurationPlatforms) = preSolution
		Debug|Any CPU = Debug|Any CPU
		Release|Any CPU = Release|Any CPU
	EndGlobalSection
	GlobalSection(ProjectConfigurationPlatforms) = postSolution
		{1797C398-A83D-4688-8CA2-5B64FE99FA6E}.Debug|Any CPU.ActiveCfg = Debug|Any CPU
		{1797C398-A83D-4688-8CA2-5B64FE99FA6E}.Debug|Any CPU.Build.0 = Debug|Any CPU
		{1797C398-A83D-4688-8CA2-5B64FE99FA6E}.Release|Any CPU.ActiveCfg = Release|Any CPU
		{1797C398-A83D-4688-8CA2-5B64FE99FA6E}.Release|Any CPU.Build.0 = Release|Any CPU
	EndGlobalSection
	GlobalSection(SolutionProperties) = preSolution
		HideSolutionNode = FALSE
	EndGlobalSection
	GlobalSection(ExtensibilityGlobals) = postSolution
		SolutionGuid = {C6B1781C-5A18-4269-8C50-19A616EED469}
	EndGlobalSection
EndGlobal
