
Microsoft Visual Studio Solution File, Format Version 12.00
# Visual Studio Version 17
VisualStudioVersion = 17.8.34511.84
MinimumVisualStudioVersion = 10.0.40219.1
Project("{FAE04EC0-301F-11D3-BF4B-00C04F79EFBC}") = "QuanLiThueXe", "QuanLiThueXe\QuanLiThueXe.csproj", "{A9958ED2-AEBD-4C01-A583-816475094448}"
EndProject
Global
	GlobalSection(SolutionConfigurationPlatforms) = preSolution
		Debug|Any CPU = Debug|Any CPU
		Release|Any CPU = Release|Any CPU
	EndGlobalSection
	GlobalSection(ProjectConfigurationPlatforms) = postSolution
		{A9958ED2-AEBD-4C01-A583-816475094448}.Debug|Any CPU.ActiveCfg = Debug|Any CPU
		{A9958ED2-AEBD-4C01-A583-816475094448}.Debug|Any CPU.Build.0 = Debug|Any CPU
		{A9958ED2-AEBD-4C01-A583-816475094448}.Release|Any CPU.ActiveCfg = Release|Any CPU
		{A9958ED2-AEBD-4C01-A583-816475094448}.Release|Any CPU.Build.0 = Release|Any CPU
	EndGlobalSection
	GlobalSection(SolutionProperties) = preSolution
		HideSolutionNode = FALSE
	EndGlobalSection
	GlobalSection(ExtensibilityGlobals) = postSolution
		SolutionGuid = {F117DAE0-CD1E-4B7D-9990-FAF0787A714D}
	EndGlobalSection
EndGlobal
